{
  "name": "card-credt",
  "lockfileVersion": 3,
  "requires": true,
  "packages": {
    "": {
      "dependencies": {
        "cartao": "^1.0.3"
      }
    },
    "node_modules/cartao": {
      "version": "1.0.3",
      "resolved": "https://registry.npmjs.org/cartao/-/cartao-1.0.3.tgz",
      "integrity": "sha512-Dro03qkTO0xXxq1NHmM07/3/+qrjPHOtxzejIp8oO7YHhFicX4/3b+x1G1xQTKrTjaqgxwAK7r2z5DB1LvLSoQ==",
      "dependencies": {
        "i": "^0.3.6"
      }
    },
    "node_modules/i": {
      "version": "0.3.7",
      "resolved": "https://registry.npmjs.org/i/-/i-0.3.7.tgz",
      "integrity": "sha512-FYz4wlXgkQwIPqhzC5TdNMLSE5+GS1IIDJZY/1ZiEPCT2S3COUVZeT5OW4BmW4r5LHLQuOosSwsvnroG9GR59Q==",
      "engines": {
        "node": ">=0.4"
      }
    }
  }
}
